{
  "name": "aerial_website",
  "version": "0.1.0",
  "lockfileVersion": 1,
  "requires": true,
  "dependencies": {
    "nanoid": {
      "version": "1.0.2",
      "resolved": "https://registry.npmjs.org/nanoid/-/nanoid-1.0.2.tgz",
      "integrity": "sha512-sCTwJt690lduNHyqknXJp8pRwzm80neOLGaiTHU2KUJZFVSErl778NNCIivEQCX5gNT0xR1Jy3HEMe/TABT6lw=="
    }
  }
}
